
Microsoft Visual Studio Solution File, Format Version 12.00
# Visual Studio 15
VisualStudioVersion = 15.0.28307.421
MinimumVisualStudioVersion = 10.0.40219.1
Project("{FAE04EC0-301F-11D3-BF4B-00C04F79EFBC}") = "HTTP Server", "HTTP Server\HTTP Server.csproj", "{87C0B196-69C2-4A3F-8E84-785298AB50A5}"
EndProject
Global
	GlobalSection(SolutionConfigurationPlatforms) = preSolution
		Debug|Any CPU = Debug|Any CPU
		Release|Any CPU = Release|Any CPU
	EndGlobalSection
	GlobalSection(ProjectConfigurationPlatforms) = postSolution
		{87C0B196-69C2-4A3F-8E84-785298AB50A5}.Debug|Any CPU.ActiveCfg = Debug|Any CPU
		{87C0B196-69C2-4A3F-8E84-785298AB50A5}.Debug|Any CPU.Build.0 = Debug|Any CPU
		{87C0B196-69C2-4A3F-8E84-785298AB50A5}.Release|Any CPU.ActiveCfg = Release|Any CPU
		{87C0B196-69C2-4A3F-8E84-785298AB50A5}.Release|Any CPU.Build.0 = Release|Any CPU
	EndGlobalSection
	GlobalSection(SolutionProperties) = preSolution
		HideSolutionNode = FALSE
	EndGlobalSection
	GlobalSection(ExtensibilityGlobals) = postSolution
		SolutionGuid = {0341EBBF-0D4B-43E6-A91E-5E4313C8C602}
	EndGlobalSection
EndGlobal
